// !$*UTF8*$!
{
	archiveVersion = 1;
	classes = {
	};
	objectVersion = 55;
	objects = {

/* Begin PBXBuildFile section */
		5E9DE3172C250FDA00D70D90 /* AppDelegate.swift in Sources */ = {isa = PBXBuildFile; fileRef = 5E9DE3162C250FDA00D70D90 /* AppDelegate.swift */; };
		5E9DE3192C250FDA00D70D90 /* SceneDelegate.swift in Sources */ = {isa = PBXBuildFile; fileRef = 5E9DE3182C250FDA00D70D90 /* SceneDelegate.swift */; };
		5E9DE3202C250FDC00D70D90 /* Assets.xcassets in Resources */ = {isa = PBXBuildFile; fileRef = 5E9DE31F2C250FDC00D70D90 /* Assets.xcassets */; };
		5E9DE3232C250FDC00D70D90 /* LaunchScreen.storyboard in Resources */ = {isa = PBXBuildFile; fileRef = 5E9DE3212C250FDC00D70D90 /* LaunchScreen.storyboard */; };
		5E9DE32E2C250FDD00D70D90 /* PlayVidTests.swift in Sources */ = {isa = PBXBuildFile; fileRef = 5E9DE32D2C250FDD00D70D90 /* PlayVidTests.swift */; };
		5E9DE3382C250FDD00D70D90 /* PlayVidUITests.swift in Sources */ = {isa = PBXBuildFile; fileRef = 5E9DE3372C250FDD00D70D90 /* PlayVidUITests.swift */; };
		5E9DE33A2C250FDD00D70D90 /* PlayVidUITestsLaunchTests.swift in Sources */ = {isa = PBXBuildFile; fileRef = 5E9DE3392C250FDD00D70D90 /* PlayVidUITestsLaunchTests.swift */; };
		5E9DE34B2C25128B00D70D90 /* PlayerViewController.swift in Sources */ = {isa = PBXBuildFile; fileRef = 5E9DE3492C25128B00D70D90 /* PlayerViewController.swift */; };
		5E9DE34C2C25128B00D70D90 /* PlayerViewController.xib in Resources */ = {isa = PBXBuildFile; fileRef = 5E9DE34A2C25128B00D70D90 /* PlayerViewController.xib */; };
		5E9DE34F2C251F9400D70D90 /* SnapKit in Frameworks */ = {isa = PBXBuildFile; productRef = 5E9DE34E2C251F9400D70D90 /* SnapKit */; };
		5E9DE3522C253A6A00D70D90 /* Utils.swift in Sources */ = {isa = PBXBuildFile; fileRef = 5E9DE3512C253A6A00D70D90 /* Utils.swift */; };
		5EC80B8F2C27309200828D59 /* PanelView.swift in Sources */ = {isa = PBXBuildFile; fileRef = 5EC80B8E2C27309200828D59 /* PanelView.swift */; };
		5EC80B912C2730AE00828D59 /* PanelView.xib in Resources */ = {isa = PBXBuildFile; fileRef = 5EC80B902C2730AE00828D59 /* PanelView.xib */; };
/* End PBXBuildFile section */

/* Begin PBXContainerItemProxy section */
		5E9DE32A2C250FDD00D70D90 /* PBXContainerItemProxy */ = {
			isa = PBXContainerItemProxy;
			containerPortal = 5E9DE30B2C250FDA00D70D90 /* Project object */;
			proxyType = 1;
			remoteGlobalIDString = 5E9DE3122C250FDA00D70D90;
			remoteInfo = PlayVid;
		};
		5E9DE3342C250FDD00D70D90 /* PBXContainerItemProxy */ = {
			isa = PBXContainerItemProxy;
			containerPortal = 5E9DE30B2C250FDA00D70D90 /* Project object */;
			proxyType = 1;
			remoteGlobalIDString = 5E9DE3122C250FDA00D70D90;
			remoteInfo = PlayVid;
		};
/* End PBXContainerItemProxy section */

/* Begin PBXFileReference section */
		5E9DE3132C250FDA00D70D90 /* PlayVid.app */ = {isa = PBXFileReference; explicitFileType = wrapper.application; includeInIndex = 0; path = PlayVid.app; sourceTree = BUILT_PRODUCTS_DIR; };
		5E9DE3162C250FDA00D70D90 /* AppDelegate.swift */ = {isa = PBXFileReference; lastKnownFileType = sourcecode.swift; path = AppDelegate.swift; sourceTree = "<group>"; };
		5E9DE3182C250FDA00D70D90 /* SceneDelegate.swift */ = {isa = PBXFileReference; lastKnownFileType = sourcecode.swift; path = SceneDelegate.swift; sourceTree = "<group>"; };
		5E9DE31F2C250FDC00D70D90 /* Assets.xcassets */ = {isa = PBXFileReference; lastKnownFileType = folder.assetcatalog; path = Assets.xcassets; sourceTree = "<group>"; };
		5E9DE3222C250FDC00D70D90 /* Base */ = {isa = PBXFileReference; lastKnownFileType = file.storyboard; name = Base; path = Base.lproj/LaunchScreen.storyboard; sourceTree = "<group>"; };
		5E9DE3242C250FDC00D70D90 /* Info.plist */ = {isa = PBXFileReference; lastKnownFileType = text.plist.xml; path = Info.plist; sourceTree = "<group>"; };
		5E9DE3292C250FDD00D70D90 /* PlayVidTests.xctest */ = {isa = PBXFileReference; explicitFileType = wrapper.cfbundle; includeInIndex = 0; path = PlayVidTests.xctest; sourceTree = BUILT_PRODUCTS_DIR; };
		5E9DE32D2C250FDD00D70D90 /* PlayVidTests.swift */ = {isa = PBXFileReference; lastKnownFileType = sourcecode.swift; path = PlayVidTests.swift; sourceTree = "<group>"; };
		5E9DE3332C250FDD00D70D90 /* PlayVidUITests.xctest */ = {isa = PBXFileReference; explicitFileType = wrapper.cfbundle; includeInIndex = 0; path = PlayVidUITests.xctest; sourceTree = BUILT_PRODUCTS_DIR; };
		5E9DE3372C250FDD00D70D90 /* PlayVidUITests.swift */ = {isa = PBXFileReference; lastKnownFileType = sourcecode.swift; path = PlayVidUITests.swift; sourceTree = "<group>"; };
		5E9DE3392C250FDD00D70D90 /* PlayVidUITestsLaunchTests.swift */ = {isa = PBXFileReference; lastKnownFileType = sourcecode.swift; path = PlayVidUITestsLaunchTests.swift; sourceTree = "<group>"; };
		5E9DE3492C25128B00D70D90 /* PlayerViewController.swift */ = {isa = PBXFileReference; lastKnownFileType = sourcecode.swift; path = PlayerViewController.swift; sourceTree = "<group>"; };
		5E9DE34A2C25128B00D70D90 /* PlayerViewController.xib */ = {isa = PBXFileReference; lastKnownFileType = file.xib; path = PlayerViewController.xib; sourceTree = "<group>"; };
		5E9DE3512C253A6A00D70D90 /* Utils.swift */ = {isa = PBXFileReference; lastKnownFileType = sourcecode.swift; path = Utils.swift; sourceTree = "<group>"; };
		5EC80B8E2C27309200828D59 /* PanelView.swift */ = {isa = PBXFileReference; lastKnownFileType = sourcecode.swift; path = PanelView.swift; sourceTree = "<group>"; };
		5EC80B902C2730AE00828D59 /* PanelView.xib */ = {isa = PBXFileReference; lastKnownFileType = file.xib; path = PanelView.xib; sourceTree = "<group>"; };
/* End PBXFileReference section */

/* Begin PBXFrameworksBuildPhase section */
		5E9DE3102C250FDA00D70D90 /* Frameworks */ = {
			isa = PBXFrameworksBuildPhase;
			buildActionMask = 2147483647;
			files = (
				5E9DE34F2C251F9400D70D90 /* SnapKit in Frameworks */,
			);
			runOnlyForDeploymentPostprocessing = 0;
		};
		5E9DE3262C250FDD00D70D90 /* Frameworks */ = {
			isa = PBXFrameworksBuildPhase;
			buildActionMask = 2147483647;
			files = (
			);
			runOnlyForDeploymentPostprocessing = 0;
		};
		5E9DE3302C250FDD00D70D90 /* Frameworks */ = {
			isa = PBXFrameworksBuildPhase;
			buildActionMask = 2147483647;
			files = (
			);
			runOnlyForDeploymentPostprocessing = 0;
		};
/* End PBXFrameworksBuildPhase section */

/* Begin PBXGroup section */
		5E9DE30A2C250FDA00D70D90 = {
			isa = PBXGroup;
			children = (
				5E9DE3152C250FDA00D70D90 /* PlayVid */,
				5E9DE32C2C250FDD00D70D90 /* PlayVidTests */,
				5E9DE3362C250FDD00D70D90 /* PlayVidUITests */,
				5E9DE3142C250FDA00D70D90 /* Products */,
			);
			sourceTree = "<group>";
		};
		5E9DE3142C250FDA00D70D90 /* Products */ = {
			isa = PBXGroup;
			children = (
				5E9DE3132C250FDA00D70D90 /* PlayVid.app */,
				5E9DE3292C250FDD00D70D90 /* PlayVidTests.xctest */,
				5E9DE3332C250FDD00D70D90 /* PlayVidUITests.xctest */,
			);
			name = Products;
			sourceTree = "<group>";
		};
		5E9DE3152C250FDA00D70D90 /* PlayVid */ = {
			isa = PBXGroup;
			children = (
				5E9DE3502C253A2B00D70D90 /* Utils */,
				5E9DE3462C25122D00D70D90 /* Player */,
				5E9DE3162C250FDA00D70D90 /* AppDelegate.swift */,
				5E9DE3182C250FDA00D70D90 /* SceneDelegate.swift */,
				5E9DE31F2C250FDC00D70D90 /* Assets.xcassets */,
				5E9DE3212C250FDC00D70D90 /* LaunchScreen.storyboard */,
				5E9DE3242C250FDC00D70D90 /* Info.plist */,
			);
			path = PlayVid;
			sourceTree = "<group>";
		};
		5E9DE32C2C250FDD00D70D90 /* PlayVidTests */ = {
			isa = PBXGroup;
			children = (
				5E9DE32D2C250FDD00D70D90 /* PlayVidTests.swift */,
			);
			path = PlayVidTests;
			sourceTree = "<group>";
		};
		5E9DE3362C250FDD00D70D90 /* PlayVidUITests */ = {
			isa = PBXGroup;
			children = (
				5E9DE3372C250FDD00D70D90 /* PlayVidUITests.swift */,
				5E9DE3392C250FDD00D70D90 /* PlayVidUITestsLaunchTests.swift */,
			);
			path = PlayVidUITests;
			sourceTree = "<group>";
		};
		5E9DE3462C25122D00D70D90 /* Player */ = {
			isa = PBXGroup;
			children = (
				5EC80B8D2C27306700828D59 /* View */,
				5E9DE3492C25128B00D70D90 /* PlayerViewController.swift */,
				5E9DE34A2C25128B00D70D90 /* PlayerViewController.xib */,
			);
			path = Player;
			sourceTree = "<group>";
		};
		5E9DE3502C253A2B00D70D90 /* Utils */ = {
			isa = PBXGroup;
			children = (
				5E9DE3512C253A6A00D70D90 /* Utils.swift */,
			);
			path = Utils;
			sourceTree = "<group>";
		};
		5EC80B8D2C27306700828D59 /* View */ = {
			isa = PBXGroup;
			children = (
				5EC80B8E2C27309200828D59 /* PanelView.swift */,
				5EC80B902C2730AE00828D59 /* PanelView.xib */,
			);
			path = View;
			sourceTree = "<group>";
		};
/* End PBXGroup section */

/* Begin PBXNativeTarget section */
		5E9DE3122C250FDA00D70D90 /* PlayVid */ = {
			isa = PBXNativeTarget;
			buildConfigurationList = 5E9DE33D2C250FDD00D70D90 /* Build configuration list for PBXNativeTarget "PlayVid" */;
			buildPhases = (
				5E9DE30F2C250FDA00D70D90 /* Sources */,
				5E9DE3102C250FDA00D70D90 /* Frameworks */,
				5E9DE3112C250FDA00D70D90 /* Resources */,
			);
			buildRules = (
			);
			dependencies = (
			);
			name = PlayVid;
			packageProductDependencies = (
				5E9DE34E2C251F9400D70D90 /* SnapKit */,
			);
			productName = PlayVid;
			productReference = 5E9DE3132C250FDA00D70D90 /* PlayVid.app */;
			productType = "com.apple.product-type.application";
		};
		5E9DE3282C250FDD00D70D90 /* PlayVidTests */ = {
			isa = PBXNativeTarget;
			buildConfigurationList = 5E9DE3402C250FDD00D70D90 /* Build configuration list for PBXNativeTarget "PlayVidTests" */;
			buildPhases = (
				5E9DE3252C250FDD00D70D90 /* Sources */,
				5E9DE3262C250FDD00D70D90 /* Frameworks */,
				5E9DE3272C250FDD00D70D90 /* Resources */,
			);
			buildRules = (
			);
			dependencies = (
				5E9DE32B2C250FDD00D70D90 /* PBXTargetDependency */,
			);
			name = PlayVidTests;
			productName = PlayVidTests;
			productReference = 5E9DE3292C250FDD00D70D90 /* PlayVidTests.xctest */;
			productType = "com.apple.product-type.bundle.unit-test";
		};
		5E9DE3322C250FDD00D70D90 /* PlayVidUITests */ = {
			isa = PBXNativeTarget;
			buildConfigurationList = 5E9DE3432C250FDD00D70D90 /* Build configuration list for PBXNativeTarget "PlayVidUITests" */;
			buildPhases = (
				5E9DE32F2C250FDD00D70D90 /* Sources */,
				5E9DE3302C250FDD00D70D90 /* Frameworks */,
				5E9DE3312C250FDD00D70D90 /* Resources */,
			);
			buildRules = (
			);
			dependencies = (
				5E9DE3352C250FDD00D70D90 /* PBXTargetDependency */,
			);
			name = PlayVidUITests;
			productName = PlayVidUITests;
			productReference = 5E9DE3332C250FDD00D70D90 /* PlayVidUITests.xctest */;
			productType = "com.apple.product-type.bundle.ui-testing";
		};
/* End PBXNativeTarget section */

/* Begin PBXProject section */
		5E9DE30B2C250FDA00D70D90 /* Project object */ = {
			isa = PBXProject;
			attributes = {
				BuildIndependentTargetsInParallel = 1;
				LastSwiftUpdateCheck = 1340;
				LastUpgradeCheck = 1340;
				TargetAttributes = {
					5E9DE3122C250FDA00D70D90 = {
						CreatedOnToolsVersion = 13.4;
					};
					5E9DE3282C250FDD00D70D90 = {
						CreatedOnToolsVersion = 13.4;
						TestTargetID = 5E9DE3122C250FDA00D70D90;
					};
					5E9DE3322C250FDD00D70D90 = {
						CreatedOnToolsVersion = 13.4;
						TestTargetID = 5E9DE3122C250FDA00D70D90;
					};
				};
			};
			buildConfigurationList = 5E9DE30E2C250FDA00D70D90 /* Build configuration list for PBXProject "PlayVid" */;
			compatibilityVersion = "Xcode 13.0";
			developmentRegion = en;
			hasScannedForEncodings = 0;
			knownRegions = (
				en,
				Base,
			);
			mainGroup = 5E9DE30A2C250FDA00D70D90;
			packageReferences = (
				5E9DE34D2C251F9400D70D90 /* XCRemoteSwiftPackageReference "SnapKit" */,
			);
			productRefGroup = 5E9DE3142C250FDA00D70D90 /* Products */;
			projectDirPath = "";
			projectRoot = "";
			targets = (
				5E9DE3122C250FDA00D70D90 /* PlayVid */,
				5E9DE3282C250FDD00D70D90 /* PlayVidTests */,
				5E9DE3322C250FDD00D70D90 /* PlayVidUITests */,
			);
		};
/* End PBXProject section */

/* Begin PBXResourcesBuildPhase section */
		5E9DE3112C250FDA00D70D90 /* Resources */ = {
			isa = PBXResourcesBuildPhase;
			buildActionMask = 2147483647;
			files = (
				5E9DE3232C250FDC00D70D90 /* LaunchScreen.storyboard in Resources */,
				5EC80B912C2730AE00828D59 /* PanelView.xib in Resources */,
				5E9DE3202C250FDC00D70D90 /* Assets.xcassets in Resources */,
				5E9DE34C2C25128B00D70D90 /* PlayerViewController.xib in Resources */,
			);
			runOnlyForDeploymentPostprocessing = 0;
		};
		5E9DE3272C250FDD00D70D90 /* Resources */ = {
			isa = PBXResourcesBuildPhase;
			buildActionMask = 2147483647;
			files = (
			);
			runOnlyForDeploymentPostprocessing = 0;
		};
		5E9DE3312C250FDD00D70D90 /* Resources */ = {
			isa = PBXResourcesBuildPhase;
			buildActionMask = 2147483647;
			files = (
			);
			runOnlyForDeploymentPostprocessing = 0;
		};
/* End PBXResourcesBuildPhase section */

/* Begin PBXSourcesBuildPhase section */
		5E9DE30F2C250FDA00D70D90 /* Sources */ = {
			isa = PBXSourcesBuildPhase;
			buildActionMask = 2147483647;
			files = (
				5E9DE3172C250FDA00D70D90 /* AppDelegate.swift in Sources */,
				5E9DE3192C250FDA00D70D90 /* SceneDelegate.swift in Sources */,
				5E9DE34B2C25128B00D70D90 /* PlayerViewController.swift in Sources */,
				5E9DE3522C253A6A00D70D90 /* Utils.swift in Sources */,
				5EC80B8F2C27309200828D59 /* PanelView.swift in Sources */,
			);
			runOnlyForDeploymentPostprocessing = 0;
		};
		5E9DE3252C250FDD00D70D90 /* Sources */ = {
			isa = PBXSourcesBuildPhase;
			buildActionMask = 2147483647;
			files = (
				5E9DE32E2C250FDD00D70D90 /* PlayVidTests.swift in Sources */,
			);
			runOnlyForDeploymentPostprocessing = 0;
		};
		5E9DE32F2C250FDD00D70D90 /* Sources */ = {
			isa = PBXSourcesBuildPhase;
			buildActionMask = 2147483647;
			files = (
				5E9DE33A2C250FDD00D70D90 /* PlayVidUITestsLaunchTests.swift in Sources */,
				5E9DE3382C250FDD00D70D90 /* PlayVidUITests.swift in Sources */,
			);
			runOnlyForDeploymentPostprocessing = 0;
		};
/* End PBXSourcesBuildPhase section */

/* Begin PBXTargetDependency section */
		5E9DE32B2C250FDD00D70D90 /* PBXTargetDependency */ = {
			isa = PBXTargetDependency;
			target = 5E9DE3122C250FDA00D70D90 /* PlayVid */;
			targetProxy = 5E9DE32A2C250FDD00D70D90 /* PBXContainerItemProxy */;
		};
		5E9DE3352C250FDD00D70D90 /* PBXTargetDependency */ = {
			isa = PBXTargetDependency;
			target = 5E9DE3122C250FDA00D70D90 /* PlayVid */;
			targetProxy = 5E9DE3342C250FDD00D70D90 /* PBXContainerItemProxy */;
		};
/* End PBXTargetDependency section */

/* Begin PBXVariantGroup section */
		5E9DE3212C250FDC00D70D90 /* LaunchScreen.storyboard */ = {
			isa = PBXVariantGroup;
			children = (
				5E9DE3222C250FDC00D70D90 /* Base */,
			);
			name = LaunchScreen.storyboard;
			sourceTree = "<group>";
		};
/* End PBXVariantGroup section */

/* Begin XCBuildConfiguration section */
		5E9DE33B2C250FDD00D70D90 /* Debug */ = {
			isa = XCBuildConfiguration;
			buildSettings = {
				ALWAYS_SEARCH_USER_PATHS = NO;
				CLANG_ANALYZER_NONNULL = YES;
				CLANG_ANALYZER_NUMBER_OBJECT_CONVERSION = YES_AGGRESSIVE;
				CLANG_CXX_LANGUAGE_STANDARD = "gnu++17";
				CLANG_ENABLE_MODULES = YES;
				CLANG_ENABLE_OBJC_ARC = YES;
				CLANG_ENABLE_OBJC_WEAK = YES;
				CLANG_WARN_BLOCK_CAPTURE_AUTORELEASING = YES;
				CLANG_WARN_BOOL_CONVERSION = YES;
				CLANG_WARN_COMMA = YES;
				CLANG_WARN_CONSTANT_CONVERSION = YES;
				CLANG_WARN_DEPRECATED_OBJC_IMPLEMENTATIONS = YES;
				CLANG_WARN_DIRECT_OBJC_ISA_USAGE = YES_ERROR;
				CLANG_WARN_DOCUMENTATION_COMMENTS = YES;
				CLANG_WARN_EMPTY_BODY = YES;
				CLANG_WARN_ENUM_CONVERSION = YES;
				CLANG_WARN_INFINITE_RECURSION = YES;
				CLANG_WARN_INT_CONVERSION = YES;
				CLANG_WARN_NON_LITERAL_NULL_CONVERSION = YES;
				CLANG_WARN_OBJC_IMPLICIT_RETAIN_SELF = YES;
				CLANG_WARN_OBJC_LITERAL_CONVERSION = YES;
				CLANG_WARN_OBJC_ROOT_CLASS = YES_ERROR;
				CLANG_WARN_QUOTED_INCLUDE_IN_FRAMEWORK_HEADER = YES;
				CLANG_WARN_RANGE_LOOP_ANALYSIS = YES;
				CLANG_WARN_STRICT_PROTOTYPES = YES;
				CLANG_WARN_SUSPICIOUS_MOVE = YES;
				CLANG_WARN_UNGUARDED_AVAILABILITY = YES_AGGRESSIVE;
				CLANG_WARN_UNREACHABLE_CODE = YES;
				CLANG_WARN__DUPLICATE_METHOD_MATCH = YES;
				COPY_PHASE_STRIP = NO;
				DEBUG_INFORMATION_FORMAT = dwarf;
				ENABLE_STRICT_OBJC_MSGSEND = YES;
				ENABLE_TESTABILITY = YES;
				GCC_C_LANGUAGE_STANDARD = gnu11;
				GCC_DYNAMIC_NO_PIC = NO;
				GCC_NO_COMMON_BLOCKS = YES;
				GCC_OPTIMIZATION_LEVEL = 0;
				GCC_PREPROCESSOR_DEFINITIONS = (
					"DEBUG=1",
					"$(inherited)",
				);
				GCC_WARN_64_TO_32_BIT_CONVERSION = YES;
				GCC_WARN_ABOUT_RETURN_TYPE = YES_ERROR;
				GCC_WARN_UNDECLARED_SELECTOR = YES;
				GCC_WARN_UNINITIALIZED_AUTOS = YES_AGGRESSIVE;
				GCC_WARN_UNUSED_FUNCTION = YES;
				GCC_WARN_UNUSED_VARIABLE = YES;
				IPHONEOS_DEPLOYMENT_TARGET = 15.5;
				MTL_ENABLE_DEBUG_INFO = INCLUDE_SOURCE;
				MTL_FAST_MATH = YES;
				ONLY_ACTIVE_ARCH = YES;
				SDKROOT = iphoneos;
				SWIFT_ACTIVE_COMPILATION_CONDITIONS = DEBUG;
				SWIFT_OPTIMIZATION_LEVEL = "-Onone";
			};
			name = Debug;
		};
		5E9DE33C2C250FDD00D70D90 /* Release */ = {
			isa = XCBuildConfiguration;
			buildSettings = {
				ALWAYS_SEARCH_USER_PATHS = NO;
				CLANG_ANALYZER_NONNULL = YES;
				CLANG_ANALYZER_NUMBER_OBJECT_CONVERSION = YES_AGGRESSIVE;
				CLANG_CXX_LANGUAGE_STANDARD = "gnu++17";
				CLANG_ENABLE_MODULES = YES;
				CLANG_ENABLE_OBJC_ARC = YES;
				CLANG_ENABLE_OBJC_WEAK = YES;
				CLANG_WARN_BLOCK_CAPTURE_AUTORELEASING = YES;
				CLANG_WARN_BOOL_CONVERSION = YES;
				CLANG_WARN_COMMA = YES;
				CLANG_WARN_CONSTANT_CONVERSION = YES;
				CLANG_WARN_DEPRECATED_OBJC_IMPLEMENTATIONS = YES;
				CLANG_WARN_DIRECT_OBJC_ISA_USAGE = YES_ERROR;
				CLANG_WARN_DOCUMENTATION_COMMENTS = YES;
				CLANG_WARN_EMPTY_BODY = YES;
				CLANG_WARN_ENUM_CONVERSION = YES;
				CLANG_WARN_INFINITE_RECURSION = YES;
				CLANG_WARN_INT_CONVERSION = YES;
				CLANG_WARN_NON_LITERAL_NULL_CONVERSION = YES;
				CLANG_WARN_OBJC_IMPLICIT_RETAIN_SELF = YES;
				CLANG_WARN_OBJC_LITERAL_CONVERSION = YES;
				CLANG_WARN_OBJC_ROOT_CLASS = YES_ERROR;
				CLANG_WARN_QUOTED_INCLUDE_IN_FRAMEWORK_HEADER = YES;
				CLANG_WARN_RANGE_LOOP_ANALYSIS = YES;
				CLANG_WARN_STRICT_PROTOTYPES = YES;
				CLANG_WARN_SUSPICIOUS_MOVE = YES;
				CLANG_WARN_UNGUARDED_AVAILABILITY = YES_AGGRESSIVE;
				CLANG_WARN_UNREACHABLE_CODE = YES;
				CLANG_WARN__DUPLICATE_METHOD_MATCH = YES;
				COPY_PHASE_STRIP = NO;
				DEBUG_INFORMATION_FORMAT = "dwarf-with-dsym";
				ENABLE_NS_ASSERTIONS = NO;
				ENABLE_STRICT_OBJC_MSGSEND = YES;
				GCC_C_LANGUAGE_STANDARD = gnu11;
				GCC_NO_COMMON_BLOCKS = YES;
				GCC_WARN_64_TO_32_BIT_CONVERSION = YES;
				GCC_WARN_ABOUT_RETURN_TYPE = YES_ERROR;
				GCC_WARN_UNDECLARED_SELECTOR = YES;
				GCC_WARN_UNINITIALIZED_AUTOS = YES_AGGRESSIVE;
				GCC_WARN_UNUSED_FUNCTION = YES;
				GCC_WARN_UNUSED_VARIABLE = YES;
				IPHONEOS_DEPLOYMENT_TARGET = 15.5;
				MTL_ENABLE_DEBUG_INFO = NO;
				MTL_FAST_MATH = YES;
				SDKROOT = iphoneos;
				SWIFT_COMPILATION_MODE = wholemodule;
				SWIFT_OPTIMIZATION_LEVEL = "-O";
				VALIDATE_PRODUCT = YES;
			};
			name = Release;
		};
		5E9DE33E2C250FDD00D70D90 /* Debug */ = {
			isa = XCBuildConfiguration;
			buildSettings = {
				ASSETCATALOG_COMPILER_APPICON_NAME = AppIcon;
				ASSETCATALOG_COMPILER_GLOBAL_ACCENT_COLOR_NAME = AccentColor;
				CODE_SIGN_STYLE = Automatic;
				CURRENT_PROJECT_VERSION = 1;
				DEVELOPMENT_TEAM = YFF5U7GKL8;
				GENERATE_INFOPLIST_FILE = YES;
				INFOPLIST_FILE = PlayVid/Info.plist;
				INFOPLIST_KEY_UIApplicationSupportsIndirectInputEvents = YES;
				INFOPLIST_KEY_UILaunchStoryboardName = LaunchScreen;
				INFOPLIST_KEY_UISupportedInterfaceOrientations_iPad = "UIInterfaceOrientationPortrait UIInterfaceOrientationPortraitUpsideDown UIInterfaceOrientationLandscapeLeft UIInterfaceOrientationLandscapeRight";
				INFOPLIST_KEY_UISupportedInterfaceOrientations_iPhone = "UIInterfaceOrientationPortrait UIInterfaceOrientationLandscapeLeft UIInterfaceOrientationLandscapeRight";
				LD_RUNPATH_SEARCH_PATHS = (
					"$(inherited)",
					"@executable_path/Frameworks",
				);
				MARKETING_VERSION = 1.0;
				PRODUCT_BUNDLE_IDENTIFIER = edu.self.PlayVid;
				PRODUCT_NAME = "$(TARGET_NAME)";
				SWIFT_EMIT_LOC_STRINGS = YES;
				SWIFT_VERSION = 5.0;
				TARGETED_DEVICE_FAMILY = "1,2";
			};
			name = Debug;
		};
		5E9DE33F2C250FDD00D70D90 /* Release */ = {
			isa = XCBuildConfiguration;
			buildSettings = {
				ASSETCATALOG_COMPILER_APPICON_NAME = AppIcon;
				ASSETCATALOG_COMPILER_GLOBAL_ACCENT_COLOR_NAME = AccentColor;
				CODE_SIGN_STYLE = Automatic;
				CURRENT_PROJECT_VERSION = 1;
				DEVELOPMENT_TEAM = YFF5U7GKL8;
				GENERATE_INFOPLIST_FILE = YES;
				INFOPLIST_FILE = PlayVid/Info.plist;
				INFOPLIST_KEY_UIApplicationSupportsIndirectInputEvents = YES;
				INFOPLIST_KEY_UILaunchStoryboardName = LaunchScreen;
				INFOPLIST_KEY_UISupportedInterfaceOrientations_iPad = "UIInterfaceOrientationPortrait UIInterfaceOrientationPortraitUpsideDown UIInterfaceOrientationLandscapeLeft UIInterfaceOrientationLandscapeRight";
				INFOPLIST_KEY_UISupportedInterfaceOrientations_iPhone = "UIInterfaceOrientationPortrait UIInterfaceOrientationLandscapeLeft UIInterfaceOrientationLandscapeRight";
				LD_RUNPATH_SEARCH_PATHS = (
					"$(inherited)",
					"@executable_path/Frameworks",
				);
				MARKETING_VERSION = 1.0;
				PRODUCT_BUNDLE_IDENTIFIER = edu.self.PlayVid;
				PRODUCT_NAME = "$(TARGET_NAME)";
				SWIFT_EMIT_LOC_STRINGS = YES;
				SWIFT_VERSION = 5.0;
				TARGETED_DEVICE_FAMILY = "1,2";
			};
			name = Release;
		};
		5E9DE3412C250FDD00D70D90 /* Debug */ = {
			isa = XCBuildConfiguration;
			buildSettings = {
				ALWAYS_EMBED_SWIFT_STANDARD_LIBRARIES = YES;
				BUNDLE_LOADER = "$(TEST_HOST)";
				CODE_SIGN_STYLE = Automatic;
				CURRENT_PROJECT_VERSION = 1;
				DEVELOPMENT_TEAM = YFF5U7GKL8;
				GENERATE_INFOPLIST_FILE = YES;
				IPHONEOS_DEPLOYMENT_TARGET = 15.5;
				MARKETING_VERSION = 1.0;
				PRODUCT_BUNDLE_IDENTIFIER = edu.self.PlayVidTests;
				PRODUCT_NAME = "$(TARGET_NAME)";
				SWIFT_EMIT_LOC_STRINGS = NO;
				SWIFT_VERSION = 5.0;
				TARGETED_DEVICE_FAMILY = "1,2";
				TEST_HOST = "$(BUILT_PRODUCTS_DIR)/PlayVid.app/PlayVid";
			};
			name = Debug;
		};
		5E9DE3422C250FDD00D70D90 /* Release */ = {
			isa = XCBuildConfiguration;
			buildSettings = {
				ALWAYS_EMBED_SWIFT_STANDARD_LIBRARIES = YES;
				BUNDLE_LOADER = "$(TEST_HOST)";
				CODE_SIGN_STYLE = Automatic;
				CURRENT_PROJECT_VERSION = 1;
				DEVELOPMENT_TEAM = YFF5U7GKL8;
				GENERATE_INFOPLIST_FILE = YES;
				IPHONEOS_DEPLOYMENT_TARGET = 15.5;
				MARKETING_VERSION = 1.0;
				PRODUCT_BUNDLE_IDENTIFIER = edu.self.PlayVidTests;
				PRODUCT_NAME = "$(TARGET_NAME)";
				SWIFT_EMIT_LOC_STRINGS = NO;
				SWIFT_VERSION = 5.0;
				TARGETED_DEVICE_FAMILY = "1,2";
				TEST_HOST = "$(BUILT_PRODUCTS_DIR)/PlayVid.app/PlayVid";
			};
			name = Release;
		};
		5E9DE3442C250FDD00D70D90 /* Debug */ = {
			isa = XCBuildConfiguration;
			buildSettings = {
				ALWAYS_EMBED_SWIFT_STANDARD_LIBRARIES = YES;
				CODE_SIGN_STYLE = Automatic;
				CURRENT_PROJECT_VERSION = 1;
				DEVELOPMENT_TEAM = YFF5U7GKL8;
				GENERATE_INFOPLIST_FILE = YES;
				MARKETING_VERSION = 1.0;
				PRODUCT_BUNDLE_IDENTIFIER = edu.self.PlayVidUITests;
				PRODUCT_NAME = "$(TARGET_NAME)";
				SWIFT_EMIT_LOC_STRINGS = NO;
				SWIFT_VERSION = 5.0;
				TARGETED_DEVICE_FAMILY = "1,2";
				TEST_TARGET_NAME = PlayVid;
			};
			name = Debug;
		};
		5E9DE3452C250FDD00D70D90 /* Release */ = {
			isa = XCBuildConfiguration;
			buildSettings = {
				ALWAYS_EMBED_SWIFT_STANDARD_LIBRARIES = YES;
				CODE_SIGN_STYLE = Automatic;
				CURRENT_PROJECT_VERSION = 1;
				DEVELOPMENT_TEAM = YFF5U7GKL8;
				GENERATE_INFOPLIST_FILE = YES;
				MARKETING_VERSION = 1.0;
				PRODUCT_BUNDLE_IDENTIFIER = edu.self.PlayVidUITests;
				PRODUCT_NAME = "$(TARGET_NAME)";
				SWIFT_EMIT_LOC_STRINGS = NO;
				SWIFT_VERSION = 5.0;
				TARGETED_DEVICE_FAMILY = "1,2";
				TEST_TARGET_NAME = PlayVid;
			};
			name = Release;
		};
/* End XCBuildConfiguration section */

/* Begin XCConfigurationList section */
		5E9DE30E2C250FDA00D70D90 /* Build configuration list for PBXProject "PlayVid" */ = {
			isa = XCConfigurationList;
			buildConfigurations = (
				5E9DE33B2C250FDD00D70D90 /* Debug */,
				5E9DE33C2C250FDD00D70D90 /* Release */,
			);
			defaultConfigurationIsVisible = 0;
			defaultConfigurationName = Release;
		};
		5E9DE33D2C250FDD00D70D90 /* Build configuration list for PBXNativeTarget "PlayVid" */ = {
			isa = XCConfigurationList;
			buildConfigurations = (
				5E9DE33E2C250FDD00D70D90 /* Debug */,
				5E9DE33F2C250FDD00D70D90 /* Release */,
			);
			defaultConfigurationIsVisible = 0;
			defaultConfigurationName = Release;
		};
		5E9DE3402C250FDD00D70D90 /* Build configuration list for PBXNativeTarget "PlayVidTests" */ = {
			isa = XCConfigurationList;
			buildConfigurations = (
				5E9DE3412C250FDD00D70D90 /* Debug */,
				5E9DE3422C250FDD00D70D90 /* Release */,
			);
			defaultConfigurationIsVisible = 0;
			defaultConfigurationName = Release;
		};
		5E9DE3432C250FDD00D70D90 /* Build configuration list for PBXNativeTarget "PlayVidUITests" */ = {
			isa = XCConfigurationList;
			buildConfigurations = (
				5E9DE3442C250FDD00D70D90 /* Debug */,
				5E9DE3452C250FDD00D70D90 /* Release */,
			);
			defaultConfigurationIsVisible = 0;
			defaultConfigurationName = Release;
		};
/* End XCConfigurationList section */

/* Begin XCRemoteSwiftPackageReference section */
		5E9DE34D2C251F9400D70D90 /* XCRemoteSwiftPackageReference "SnapKit" */ = {
			isa = XCRemoteSwiftPackageReference;
			repositoryURL = "https://github.com/SnapKit/SnapKit.git";
			requirement = {
				kind = upToNextMajorVersion;
				minimumVersion = 5.0.0;
			};
		};
/* End XCRemoteSwiftPackageReference section */

/* Begin XCSwiftPackageProductDependency section */
		5E9DE34E2C251F9400D70D90 /* SnapKit */ = {
			isa = XCSwiftPackageProductDependency;
			package = 5E9DE34D2C251F9400D70D90 /* XCRemoteSwiftPackageReference "SnapKit" */;
			productName = SnapKit;
		};
/* End XCSwiftPackageProductDependency section */
	};
	rootObject = 5E9DE30B2C250FDA00D70D90 /* Project object */;
}
